# This file is automatically @generated by Cargo.
# It is not intended for manual editing.
version = 4

[[package]]
name = "openserv-conf"
version = "0.1.0"

[[package]]
name = "openserv-core"
version = "0.1.0"

[[package]]
name = "openserv-pkg"
version = "0.1.0"

[[package]]
name = "openserv-proc"
version = "0.1.0"

[[package]]
name = "openservctl"
version = "0.1.0"
